
Microsoft Visual Studio Solution File, Format Version 12.00
# Visual Studio 15
VisualStudioVersion = 15.0.28010.2026
MinimumVisualStudioVersion = 10.0.40219.1
Project("{FAE04EC0-301F-11D3-BF4B-00C04F79EFBC}") = "UploadFolder", "UploadFolder\UploadFolder.csproj", "{88C20A14-D263-4229-B907-C1D1945DA776}"
EndProject
Project("{FAE04EC0-301F-11D3-BF4B-00C04F79EFBC}") = "UploadFolderDAL", "UploadFolderDAL\UploadFolderDAL.csproj", "{731ACC81-E7B6-4DB5-9B0F-344CDA0745FF}"
EndProject
Global
	GlobalSection(SolutionConfigurationPlatforms) = preSolution
		Debug|Any CPU = Debug|Any CPU
		Release|Any CPU = Release|Any CPU
	EndGlobalSection
	GlobalSection(ProjectConfigurationPlatforms) = postSolution
		{88C20A14-D263-4229-B907-C1D1945DA776}.Debug|Any CPU.ActiveCfg = Debug|Any CPU
		{88C20A14-D263-4229-B907-C1D1945DA776}.Debug|Any CPU.Build.0 = Debug|Any CPU
		{88C20A14-D263-4229-B907-C1D1945DA776}.Release|Any CPU.ActiveCfg = Release|Any CPU
		{88C20A14-D263-4229-B907-C1D1945DA776}.Release|Any CPU.Build.0 = Release|Any CPU
		{731ACC81-E7B6-4DB5-9B0F-344CDA0745FF}.Debug|Any CPU.ActiveCfg = Debug|Any CPU
		{731ACC81-E7B6-4DB5-9B0F-344CDA0745FF}.Debug|Any CPU.Build.0 = Debug|Any CPU
		{731ACC81-E7B6-4DB5-9B0F-344CDA0745FF}.Release|Any CPU.ActiveCfg = Release|Any CPU
		{731ACC81-E7B6-4DB5-9B0F-344CDA0745FF}.Release|Any CPU.Build.0 = Release|Any CPU
	EndGlobalSection
	GlobalSection(SolutionProperties) = preSolution
		HideSolutionNode = FALSE
	EndGlobalSection
	GlobalSection(ExtensibilityGlobals) = postSolution
		SolutionGuid = {6C77E1CE-2779-4396-A1D3-25D482552950}
	EndGlobalSection
EndGlobal
